{
    "name": "@ianlucas/remix-auth-steam",
    "lockfileVersion": 3,
    "requires": true,
    "packages": {
        "": {
            "name": "@ianlucas/remix-auth-steam",
            "license": "MIT",
            "devDependencies": {
                "@total-typescript/tsconfig": "^1.0.4",
                "@types/node": "^22.16.4",
                "prettier": "^3.6.2",
                "typedoc": "^0.28.7",
                "typescript": "^5.8.3"
            },
            "peerDependencies": {
                "react-router": "^7.0.1",
                "remix-auth": "^4.0.0"
            }
        },
        "node_modules/@gerrit0/mini-shiki": {
            "version": "3.8.0",
            "resolved": "https://registry.npmjs.org/@gerrit0/mini-shiki/-/mini-shiki-3.8.0.tgz",
            "integrity": "sha512-tloLVqvvoyv636PilYZwNhCmZ+xxgRicysMvpKdZ4Y6+9IH6v4lp7GodbDDncApNQjflwTSnXuYQoe3el5C59w==",
            "dev": true,
            "license": "MIT",
            "dependencies": {
                "@shikijs/engine-oniguruma": "^3.8.0",
                "@shikijs/langs": "^3.8.0",
                "@shikijs/themes": "^3.8.0",
                "@shikijs/types": "^3.8.0",
                "@shikijs/vscode-textmate": "^10.0.2"
            }
        },
        "node_modules/@shikijs/engine-oniguruma": {
            "version": "3.8.0",
            "resolved": "https://registry.npmjs.org/@shikijs/engine-oniguruma/-/engine-oniguruma-3.8.0.tgz",
            "integrity": "sha512-Tx7kR0oFzqa+rY7t80LjN8ZVtHO3a4+33EUnBVx2qYP3fGxoI9H0bvnln5ySelz9SIUTsS0/Qn+9dg5zcUMsUw==",
            "dev": true,
            "license": "MIT",
            "dependencies": {
                "@shikijs/types": "3.8.0",
                "@shikijs/vscode-textmate": "^10.0.2"
            }
        },
        "node_modules/@shikijs/langs": {
            "version": "3.8.0",
            "resolved": "https://registry.npmjs.org/@shikijs/langs/-/langs-3.8.0.tgz",
            "integrity": "sha512-mfGYuUgjQ5GgXinB5spjGlBVhG2crKRpKkfADlp8r9k/XvZhtNXxyOToSnCEnF0QNiZnJjlt5MmU9PmhRdwAbg==",
            "dev": true,
            "license": "MIT",
            "dependencies": {
                "@shikijs/types": "3.8.0"
            }
        },
        "node_modules/@shikijs/themes": {
            "version": "3.8.0",
            "resolved": "https://registry.npmjs.org/@shikijs/themes/-/themes-3.8.0.tgz",
            "integrity": "sha512-yaZiLuyO23sXe16JFU76KyUMTZCJi4EMQKIrdQt7okoTzI4yAaJhVXT2Uy4k8yBIEFRiia5dtD7gC1t8m6y3oQ==",
            "dev": true,
            "license": "MIT",
            "dependencies": {
                "@shikijs/types": "3.8.0"
            }
        },
        "node_modules/@shikijs/types": {
            "version": "3.8.0",
            "resolved": "https://registry.npmjs.org/@shikijs/types/-/types-3.8.0.tgz",
            "integrity": "sha512-I/b/aNg0rP+kznVDo7s3UK8jMcqEGTtoPDdQ+JlQ2bcJIyu/e2iRvl42GLIDMK03/W1YOHOuhlhQ7aM+XbKUeg==",
            "dev": true,
            "license": "MIT",
            "dependencies": {
                "@shikijs/vscode-textmate": "^10.0.2",
                "@types/hast": "^3.0.4"
            }
        },
        "node_modules/@shikijs/vscode-textmate": {
            "version": "10.0.2",
            "resolved": "https://registry.npmjs.org/@shikijs/vscode-textmate/-/vscode-textmate-10.0.2.tgz",
            "integrity": "sha512-83yeghZ2xxin3Nj8z1NMd/NCuca+gsYXswywDy5bHvwlWL8tpTQmzGeUuHd9FC3E/SBEMvzJRwWEOz5gGes9Qg==",
            "dev": true,
            "license": "MIT"
        },
        "node_modules/@total-typescript/tsconfig": {
            "version": "1.0.4",
            "resolved": "https://registry.npmjs.org/@total-typescript/tsconfig/-/tsconfig-1.0.4.tgz",
            "integrity": "sha512-fO4ctMPGz1kOFOQ4RCPBRBfMy3gDn+pegUfrGyUFRMv/Rd0ZM3/SHH3hFCYG4u6bPLG8OlmOGcBLDexvyr3A5w==",
            "dev": true,
            "license": "MIT"
        },
        "node_modules/@types/hast": {
            "version": "3.0.4",
            "resolved": "https://registry.npmjs.org/@types/hast/-/hast-3.0.4.tgz",
            "integrity": "sha512-WPs+bbQw5aCj+x6laNGWLH3wviHtoCv/P3+otBhbOhJgG8qtpdAMlTCxLtsTWA7LH1Oh/bFCHsBn0TPS5m30EQ==",
            "dev": true,
            "license": "MIT",
            "dependencies": {
                "@types/unist": "*"
            }
        },
        "node_modules/@types/node": {
            "version": "22.16.4",
            "resolved": "https://registry.npmjs.org/@types/node/-/node-22.16.4.tgz",
            "integrity": "sha512-PYRhNtZdm2wH/NT2k/oAJ6/f2VD2N2Dag0lGlx2vWgMSJXGNmlce5MiTQzoWAiIJtso30mjnfQCOKVH+kAQC/g==",
            "dev": true,
            "license": "MIT",
            "dependencies": {
                "undici-types": "~6.21.0"
            }
        },
        "node_modules/@types/unist": {
            "version": "3.0.3",
            "resolved": "https://registry.npmjs.org/@types/unist/-/unist-3.0.3.tgz",
            "integrity": "sha512-ko/gIFJRv177XgZsZcBwnqJN5x/Gien8qNOn0D5bQU/zAzVf9Zt3BlcUiLqhV9y4ARk0GbT3tnUiPNgnTXzc/Q==",
            "dev": true,
            "license": "MIT"
        },
        "node_modules/argparse": {
            "version": "2.0.1",
            "resolved": "https://registry.npmjs.org/argparse/-/argparse-2.0.1.tgz",
            "integrity": "sha512-8+9WqebbFzpX9OR+Wa6O29asIogeRMzcGtAINdpMHHyAg10f05aSFVBbcEqGf/PXw1EjAZ+q2/bEBg3DvurK3Q==",
            "dev": true,
            "license": "Python-2.0"
        },
        "node_modules/balanced-match": {
            "version": "1.0.2",
            "resolved": "https://registry.npmjs.org/balanced-match/-/balanced-match-1.0.2.tgz",
            "integrity": "sha512-3oSeUO0TMV67hN1AmbXsK4yaqU7tjiHlbxRDZOpH0KW9+CeX4bRAaX0Anxt0tx2MrpRpWwQaPwIlISEJhYU5Pw==",
            "dev": true,
            "license": "MIT"
        },
        "node_modules/brace-expansion": {
            "version": "2.0.2",
            "resolved": "https://registry.npmjs.org/brace-expansion/-/brace-expansion-2.0.2.tgz",
            "integrity": "sha512-Jt0vHyM+jmUBqojB7E1NIYadt0vI0Qxjxd2TErW94wDz+E2LAm5vKMXXwg6ZZBTHPuUlDgQHKXvjGBdfcF1ZDQ==",
            "dev": true,
            "license": "MIT",
            "dependencies": {
                "balanced-match": "^1.0.0"
            }
        },
        "node_modules/cookie": {
            "version": "1.0.2",
            "resolved": "https://registry.npmjs.org/cookie/-/cookie-1.0.2.tgz",
            "integrity": "sha512-9Kr/j4O16ISv8zBBhJoi4bXOYNTkFLOqSL3UDB0njXxCXNezjeyVrJyGOWtgfs/q2km1gwBcfH8q1yEGoMYunA==",
            "license": "MIT",
            "peer": true,
            "engines": {
                "node": ">=18"
            }
        },
        "node_modules/entities": {
            "version": "4.5.0",
            "resolved": "https://registry.npmjs.org/entities/-/entities-4.5.0.tgz",
            "integrity": "sha512-V0hjH4dGPh9Ao5p0MoRY6BVqtwCjhz6vI5LT8AJ55H+4g9/4vbHx1I54fS0XuclLhDHArPQCiMjDxjaL8fPxhw==",
            "dev": true,
            "license": "BSD-2-Clause",
            "engines": {
                "node": ">=0.12"
            },
            "funding": {
                "url": "https://github.com/fb55/entities?sponsor=1"
            }
        },
        "node_modules/linkify-it": {
            "version": "5.0.0",
            "resolved": "https://registry.npmjs.org/linkify-it/-/linkify-it-5.0.0.tgz",
            "integrity": "sha512-5aHCbzQRADcdP+ATqnDuhhJ/MRIqDkZX5pyjFHRRysS8vZ5AbqGEoFIb6pYHPZ+L/OC2Lc+xT8uHVVR5CAK/wQ==",
            "dev": true,
            "license": "MIT",
            "dependencies": {
                "uc.micro": "^2.0.0"
            }
        },
        "node_modules/lunr": {
            "version": "2.3.9",
            "resolved": "https://registry.npmjs.org/lunr/-/lunr-2.3.9.tgz",
            "integrity": "sha512-zTU3DaZaF3Rt9rhN3uBMGQD3dD2/vFQqnvZCDv4dl5iOzq2IZQqTxu90r4E5J+nP70J3ilqVCrbho2eWaeW8Ow==",
            "dev": true,
            "license": "MIT"
        },
        "node_modules/markdown-it": {
            "version": "14.1.0",
            "resolved": "https://registry.npmjs.org/markdown-it/-/markdown-it-14.1.0.tgz",
            "integrity": "sha512-a54IwgWPaeBCAAsv13YgmALOF1elABB08FxO9i+r4VFk5Vl4pKokRPeX8u5TCgSsPi6ec1otfLjdOpVcgbpshg==",
            "dev": true,
            "license": "MIT",
            "dependencies": {
                "argparse": "^2.0.1",
                "entities": "^4.4.0",
                "linkify-it": "^5.0.0",
                "mdurl": "^2.0.0",
                "punycode.js": "^2.3.1",
                "uc.micro": "^2.1.0"
            },
            "bin": {
                "markdown-it": "bin/markdown-it.mjs"
            }
        },
        "node_modules/mdurl": {
            "version": "2.0.0",
            "resolved": "https://registry.npmjs.org/mdurl/-/mdurl-2.0.0.tgz",
            "integrity": "sha512-Lf+9+2r+Tdp5wXDXC4PcIBjTDtq4UKjCPMQhKIuzpJNW0b96kVqSwW0bT7FhRSfmAiFYgP+SCRvdrDozfh0U5w==",
            "dev": true,
            "license": "MIT"
        },
        "node_modules/minimatch": {
            "version": "9.0.5",
            "resolved": "https://registry.npmjs.org/minimatch/-/minimatch-9.0.5.tgz",
            "integrity": "sha512-G6T0ZX48xgozx7587koeX9Ys2NYy6Gmv//P89sEte9V9whIapMNF4idKxnW2QtCcLiTWlb/wfCabAtAFWhhBow==",
            "dev": true,
            "license": "ISC",
            "dependencies": {
                "brace-expansion": "^2.0.1"
            },
            "engines": {
                "node": ">=16 || 14 >=14.17"
            },
            "funding": {
                "url": "https://github.com/sponsors/isaacs"
            }
        },
        "node_modules/prettier": {
            "version": "3.6.2",
            "resolved": "https://registry.npmjs.org/prettier/-/prettier-3.6.2.tgz",
            "integrity": "sha512-I7AIg5boAr5R0FFtJ6rCfD+LFsWHp81dolrFD8S79U9tb8Az2nGrJncnMSnys+bpQJfRUzqs9hnA81OAA3hCuQ==",
            "dev": true,
            "license": "MIT",
            "bin": {
                "prettier": "bin/prettier.cjs"
            },
            "engines": {
                "node": ">=14"
            },
            "funding": {
                "url": "https://github.com/prettier/prettier?sponsor=1"
            }
        },
        "node_modules/punycode.js": {
            "version": "2.3.1",
            "resolved": "https://registry.npmjs.org/punycode.js/-/punycode.js-2.3.1.tgz",
            "integrity": "sha512-uxFIHU0YlHYhDQtV4R9J6a52SLx28BCjT+4ieh7IGbgwVJWO+km431c4yRlREUAsAmt/uMjQUyQHNEPf0M39CA==",
            "dev": true,
            "license": "MIT",
            "engines": {
                "node": ">=6"
            }
        },
        "node_modules/react": {
            "version": "19.1.0",
            "resolved": "https://registry.npmjs.org/react/-/react-19.1.0.tgz",
            "integrity": "sha512-FS+XFBNvn3GTAWq26joslQgWNoFu08F4kl0J4CgdNKADkdSGXQyTCnKteIAJy96Br6YbpEU1LSzV5dYtjMkMDg==",
            "license": "MIT",
            "peer": true,
            "engines": {
                "node": ">=0.10.0"
            }
        },
        "node_modules/react-router": {
            "version": "7.6.3",
            "resolved": "https://registry.npmjs.org/react-router/-/react-router-7.6.3.tgz",
            "integrity": "sha512-zf45LZp5skDC6I3jDLXQUu0u26jtuP4lEGbc7BbdyxenBN1vJSTA18czM2D+h5qyMBuMrD+9uB+mU37HIoKGRA==",
            "license": "MIT",
            "peer": true,
            "dependencies": {
                "cookie": "^1.0.1",
                "set-cookie-parser": "^2.6.0"
            },
            "engines": {
                "node": ">=20.0.0"
            },
            "peerDependencies": {
                "react": ">=18",
                "react-dom": ">=18"
            },
            "peerDependenciesMeta": {
                "react-dom": {
                    "optional": true
                }
            }
        },
        "node_modules/remix-auth": {
            "version": "4.2.0",
            "resolved": "https://registry.npmjs.org/remix-auth/-/remix-auth-4.2.0.tgz",
            "integrity": "sha512-3LSfWEvSgG2CgbG/p4ge5hbV8tTXWNnnYIGbTr9oSSiHz9dD7wh6S0MEyo3pwh7MlKezB2WIlevGeyqUZykk7g==",
            "funding": [
                "https://github.com/sponsors/sergiodxa"
            ],
            "license": "MIT",
            "peer": true,
            "engines": {
                "node": ">=20.0.0"
            }
        },
        "node_modules/set-cookie-parser": {
            "version": "2.7.1",
            "resolved": "https://registry.npmjs.org/set-cookie-parser/-/set-cookie-parser-2.7.1.tgz",
            "integrity": "sha512-IOc8uWeOZgnb3ptbCURJWNjWUPcO3ZnTTdzsurqERrP6nPyv+paC55vJM0LpOlT2ne+Ix+9+CRG1MNLlyZ4GjQ==",
            "license": "MIT",
            "peer": true
        },
        "node_modules/typedoc": {
            "version": "0.28.7",
            "resolved": "https://registry.npmjs.org/typedoc/-/typedoc-0.28.7.tgz",
            "integrity": "sha512-lpz0Oxl6aidFkmS90VQDQjk/Qf2iw0IUvFqirdONBdj7jPSN9mGXhy66BcGNDxx5ZMyKKiBVAREvPEzT6Uxipw==",
            "dev": true,
            "license": "Apache-2.0",
            "dependencies": {
                "@gerrit0/mini-shiki": "^3.7.0",
                "lunr": "^2.3.9",
                "markdown-it": "^14.1.0",
                "minimatch": "^9.0.5",
                "yaml": "^2.8.0"
            },
            "bin": {
                "typedoc": "bin/typedoc"
            },
            "engines": {
                "node": ">= 18",
                "pnpm": ">= 10"
            },
            "peerDependencies": {
                "typescript": "5.0.x || 5.1.x || 5.2.x || 5.3.x || 5.4.x || 5.5.x || 5.6.x || 5.7.x || 5.8.x"
            }
        },
        "node_modules/typescript": {
            "version": "5.8.3",
            "resolved": "https://registry.npmjs.org/typescript/-/typescript-5.8.3.tgz",
            "integrity": "sha512-p1diW6TqL9L07nNxvRMM7hMMw4c5XOo/1ibL4aAIGmSAt9slTE1Xgw5KWuof2uTOvCg9BY7ZRi+GaF+7sfgPeQ==",
            "dev": true,
            "license": "Apache-2.0",
            "bin": {
                "tsc": "bin/tsc",
                "tsserver": "bin/tsserver"
            },
            "engines": {
                "node": ">=14.17"
            }
        },
        "node_modules/uc.micro": {
            "version": "2.1.0",
            "resolved": "https://registry.npmjs.org/uc.micro/-/uc.micro-2.1.0.tgz",
            "integrity": "sha512-ARDJmphmdvUk6Glw7y9DQ2bFkKBHwQHLi2lsaH6PPmz/Ka9sFOBsBluozhDltWmnv9u/cF6Rt87znRTPV+yp/A==",
            "dev": true,
            "license": "MIT"
        },
        "node_modules/undici-types": {
            "version": "6.21.0",
            "resolved": "https://registry.npmjs.org/undici-types/-/undici-types-6.21.0.tgz",
            "integrity": "sha512-iwDZqg0QAGrg9Rav5H4n0M64c3mkR59cJ6wQp+7C4nI0gsmExaedaYLNO44eT4AtBBwjbTiGPMlt2Md0T9H9JQ==",
            "dev": true,
            "license": "MIT"
        },
        "node_modules/yaml": {
            "version": "2.8.0",
            "resolved": "https://registry.npmjs.org/yaml/-/yaml-2.8.0.tgz",
            "integrity": "sha512-4lLa/EcQCB0cJkyts+FpIRx5G/llPxfP6VQU5KByHEhLxY3IJCH0f0Hy1MHI8sClTvsIb8qwRJ6R/ZdlDJ/leQ==",
            "dev": true,
            "license": "ISC",
            "bin": {
                "yaml": "bin.mjs"
            },
            "engines": {
                "node": ">= 14.6"
            }
        }
    }
}
